version = 1
revision = 2
requires-python = ">=3.13"

[[package]]
name = "agent-data-generator"
version = "0.1.0"
source = { virtual = "." }
dependencies = [
    { name = "opentelemetry-exporter-otlp" },
    { name = "opentelemetry-sdk" },
]

[package.metadata]
requires-dist = [
    { name = "opentelemetry-exporter-otlp", specifier = ">=1.34.1" },
    { name = "opentelemetry-sdk", specifier = ">=1.34.1" },
]

[[package]]
name = "certifi"
version = "2025.6.15"
source = { registry = "https://pypi.org/simple" }
sdist = { url = "https://files.pythonhosted.org/packages/73/f7/f14b46d4bcd21092d7d3ccef689615220d8a08fb25e564b65d20738e672e/certifi-2025.6.15.tar.gz", hash = "sha256:d747aa5a8b9bbbb1bb8c22bb13e22bd1f18e9796defa16bab421f7f7a317323b", size = 158753, upload-time = "2025-06-15T02:45:51.329Z" }
wheels = [
    { url = "https://files.pythonhosted.org/packages/84/ae/320161bd181fc06471eed047ecce67b693fd7515b16d495d8932db763426/certifi-2025.6.15-py3-none-any.whl", hash = "sha256:2e0c7ce7cb5d8f8634ca55d2ba7e6ec2689a2fd6537d8dec1296a477a4910057", size = 157650, upload-time = "2025-06-15T02:45:49.977Z" },
]

[[package]]
name = "charset-normalizer"
version = "3.4.2"
source = { registry = "https://pypi.org/simple" }
sdist = { url = "https://files.pythonhosted.org/packages/e4/33/89c2ced2b67d1c2a61c19c6751aa8902d46ce3dacb23600a283619f5a12d/charset_normalizer-3.4.2.tar.gz", hash = "sha256:5baececa9ecba31eff645232d59845c07aa030f0c81ee70184a90d35099a0e63", size = 126367, upload-time = "2025-05-02T08:34:42.01Z" }
wheels = [
    { url = "https://files.pythonhosted.org/packages/ea/12/a93df3366ed32db1d907d7593a94f1fe6293903e3e92967bebd6950ed12c/charset_normalizer-3.4.2-cp313-cp313-macosx_10_13_universal2.whl", hash = "sha256:926ca93accd5d36ccdabd803392ddc3e03e6d4cd1cf17deff3b989ab8e9dbcf0", size = 199622, upload-time = "2025-05-02T08:32:56.363Z" },
    { url = "https://files.pythonhosted.org/packages/04/93/bf204e6f344c39d9937d3c13c8cd5bbfc266472e51fc8c07cb7f64fcd2de/charset_normalizer-3.4.2-cp313-cp313-manylinux_2_17_aarch64.manylinux2014_aarch64.whl", hash = "sha256:eba9904b0f38a143592d9fc0e19e2df0fa2e41c3c3745554761c5f6447eedabf", size = 143435, upload-time = "2025-05-02T08:32:58.551Z" },
    { url = "https://files.pythonhosted.org/packages/22/2a/ea8a2095b0bafa6c5b5a55ffdc2f924455233ee7b91c69b7edfcc9e02284/charset_normalizer-3.4.2-cp313-cp313-manylinux_2_17_ppc64le.manylinux2014_ppc64le.whl", hash = "sha256:3fddb7e2c84ac87ac3a947cb4e66d143ca5863ef48e4a5ecb83bd48619e4634e", size = 153653, upload-time = "2025-05-02T08:33:00.342Z" },
    { url = "https://files.pythonhosted.org/packages/b6/57/1b090ff183d13cef485dfbe272e2fe57622a76694061353c59da52c9a659/charset_normalizer-3.4.2-cp313-cp313-manylinux_2_17_s390x.manylinux2014_s390x.whl", hash = "sha256:98f862da73774290f251b9df8d11161b6cf25b599a66baf087c1ffe340e9bfd1", size = 146231, upload-time = "2025-05-02T08:33:02.081Z" },
    { url = "https://files.pythonhosted.org/packages/e2/28/ffc026b26f441fc67bd21ab7f03b313ab3fe46714a14b516f931abe1a2d8/charset_normalizer-3.4.2-cp313-cp313-manylinux_2_17_x86_64.manylinux2014_x86_64.whl", hash = "sha256:6c9379d65defcab82d07b2a9dfbfc2e95bc8fe0ebb1b176a3190230a3ef0e07c", size = 148243, upload-time = "2025-05-02T08:33:04.063Z" },
    { url = "https://files.pythonhosted.org/packages/c0/0f/9abe9bd191629c33e69e47c6ef45ef99773320e9ad8e9cb08b8ab4a8d4cb/charset_normalizer-3.4.2-cp313-cp313-manylinux_2_5_i686.manylinux1_i686.manylinux_2_17_i686.manylinux2014_i686.whl", hash = "sha256:e635b87f01ebc977342e2697d05b56632f5f879a4f15955dfe8cef2448b51691", size = 150442, upload-time = "2025-05-02T08:33:06.418Z" },
    { url = "https://files.pythonhosted.org/packages/67/7c/a123bbcedca91d5916c056407f89a7f5e8fdfce12ba825d7d6b9954a1a3c/charset_normalizer-3.4.2-cp313-cp313-musllinux_1_2_aarch64.whl", hash = "sha256:1c95a1e2902a8b722868587c0e1184ad5c55631de5afc0eb96bc4b0d738092c0", size = 145147, upload-time = "2025-05-02T08:33:08.183Z" },
    { url = "https://files.pythonhosted.org/packages/ec/fe/1ac556fa4899d967b83e9893788e86b6af4d83e4726511eaaad035e36595/charset_normalizer-3.4.2-cp313-cp313-musllinux_1_2_i686.whl", hash = "sha256:ef8de666d6179b009dce7bcb2ad4c4a779f113f12caf8dc77f0162c29d20490b", size = 153057, upload-time = "2025-05-02T08:33:09.986Z" },
    { url = "https://files.pythonhosted.org/packages/2b/ff/acfc0b0a70b19e3e54febdd5301a98b72fa07635e56f24f60502e954c461/charset_normalizer-3.4.2-cp313-cp313-musllinux_1_2_ppc64le.whl", hash = "sha256:32fc0341d72e0f73f80acb0a2c94216bd704f4f0bce10aedea38f30502b271ff", size = 156454, upload-time = "2025-05-02T08:33:11.814Z" },
    { url = "https://files.pythonhosted.org/packages/92/08/95b458ce9c740d0645feb0e96cea1f5ec946ea9c580a94adfe0b617f3573/charset_normalizer-3.4.2-cp313-cp313-musllinux_1_2_s390x.whl", hash = "sha256:289200a18fa698949d2b39c671c2cc7a24d44096784e76614899a7ccf2574b7b", size = 154174, upload-time = "2025-05-02T08:33:13.707Z" },
    { url = "https://files.pythonhosted.org/packages/78/be/8392efc43487ac051eee6c36d5fbd63032d78f7728cb37aebcc98191f1ff/charset_normalizer-3.4.2-cp313-cp313-musllinux_1_2_x86_64.whl", hash = "sha256:4a476b06fbcf359ad25d34a057b7219281286ae2477cc5ff5e3f70a246971148", size = 149166, upload-time = "2025-05-02T08:33:15.458Z" },
    { url = "https://files.pythonhosted.org/packages/44/96/392abd49b094d30b91d9fbda6a69519e95802250b777841cf3bda8fe136c/charset_normalizer-3.4.2-cp313-cp313-win32.whl", hash = "sha256:aaeeb6a479c7667fbe1099af9617c83aaca22182d6cf8c53966491a0f1b7ffb7", size = 98064, upload-time = "2025-05-02T08:33:17.06Z" },
    { url = "https://files.pythonhosted.org/packages/e9/b0/0200da600134e001d91851ddc797809e2fe0ea72de90e09bec5a2fbdaccb/charset_normalizer-3.4.2-cp313-cp313-win_amd64.whl", hash = "sha256:aa6af9e7d59f9c12b33ae4e9450619cf2488e2bbe9b44030905877f0b2324980", size = 105641, upload-time = "2025-05-02T08:33:18.753Z" },
    { url = "https://files.pythonhosted.org/packages/20/94/c5790835a017658cbfabd07f3bfb549140c3ac458cfc196323996b10095a/charset_normalizer-3.4.2-py3-none-any.whl", hash = "sha256:7f56930ab0abd1c45cd15be65cc741c28b1c9a34876ce8c17a2fa107810c0af0", size = 52626, upload-time = "2025-05-02T08:34:40.053Z" },
]

[[package]]
name = "googleapis-common-protos"
version = "1.70.0"
source = { registry = "https://pypi.org/simple" }
dependencies = [
    { name = "protobuf" },
]
sdist = { url = "https://files.pythonhosted.org/packages/39/24/33db22342cf4a2ea27c9955e6713140fedd51e8b141b5ce5260897020f1a/googleapis_common_protos-1.70.0.tar.gz", hash = "sha256:0e1b44e0ea153e6594f9f394fef15193a68aaaea2d843f83e2742717ca753257", size = 145903, upload-time = "2025-04-14T10:17:02.924Z" }
wheels = [
    { url = "https://files.pythonhosted.org/packages/86/f1/62a193f0227cf15a920390abe675f386dec35f7ae3ffe6da582d3ade42c7/googleapis_common_protos-1.70.0-py3-none-any.whl", hash = "sha256:b8bfcca8c25a2bb253e0e0b0adaf8c00773e5e6af6fd92397576680b807e0fd8", size = 294530, upload-time = "2025-04-14T10:17:01.271Z" },
]

[[package]]
name = "grpcio"
version = "1.73.0"
source = { registry = "https://pypi.org/simple" }
sdist = { url = "https://files.pythonhosted.org/packages/8e/7b/ca3f561aeecf0c846d15e1b38921a60dffffd5d4113931198fbf455334ee/grpcio-1.73.0.tar.gz", hash = "sha256:3af4c30918a7f0d39de500d11255f8d9da4f30e94a2033e70fe2a720e184bd8e", size = 12786424, upload-time = "2025-06-09T10:08:23.365Z" }
wheels = [
    { url = "https://files.pythonhosted.org/packages/60/da/6f3f7a78e5455c4cbe87c85063cc6da05d65d25264f9d4aed800ece46294/grpcio-1.73.0-cp313-cp313-linux_armv7l.whl", hash = "sha256:da1d677018ef423202aca6d73a8d3b2cb245699eb7f50eb5f74cae15a8e1f724", size = 5335867, upload-time = "2025-06-09T10:04:03.153Z" },
    { url = "https://files.pythonhosted.org/packages/53/14/7d1f2526b98b9658d7be0bb163fd78d681587de6709d8b0c74b4b481b013/grpcio-1.73.0-cp313-cp313-macosx_11_0_universal2.whl", hash = "sha256:36bf93f6a657f37c131d9dd2c391b867abf1426a86727c3575393e9e11dadb0d", size = 10595587, upload-time = "2025-06-09T10:04:05.694Z" },
    { url = "https://files.pythonhosted.org/packages/02/24/a293c398ae44e741da1ed4b29638edbb002258797b07a783f65506165b4c/grpcio-1.73.0-cp313-cp313-manylinux_2_17_aarch64.whl", hash = "sha256:d84000367508ade791d90c2bafbd905574b5ced8056397027a77a215d601ba15", size = 5765793, upload-time = "2025-06-09T10:04:09.235Z" },
    { url = "https://files.pythonhosted.org/packages/e1/24/d84dbd0b5bf36fb44922798d525a85cefa2ffee7b7110e61406e9750ed15/grpcio-1.73.0-cp313-cp313-manylinux_2_17_i686.manylinux2014_i686.whl", hash = "sha256:c98ba1d928a178ce33f3425ff823318040a2b7ef875d30a0073565e5ceb058d9", size = 6415494, upload-time = "2025-06-09T10:04:12.377Z" },
    { url = "https://files.pythonhosted.org/packages/5e/85/c80dc65aed8e9dce3d54688864bac45331d9c7600985541f18bd5cb301d4/grpcio-1.73.0-cp313-cp313-manylinux_2_17_x86_64.manylinux2014_x86_64.whl", hash = "sha256:a73c72922dfd30b396a5f25bb3a4590195ee45ecde7ee068acb0892d2900cf07", size = 6007279, upload-time = "2025-06-09T10:04:14.878Z" },
    { url = "https://files.pythonhosted.org/packages/37/fc/207c00a4c6fa303d26e2cbd62fbdb0582facdfd08f55500fd83bf6b0f8db/grpcio-1.73.0-cp313-cp313-musllinux_1_1_aarch64.whl", hash = "sha256:10e8edc035724aba0346a432060fd192b42bd03675d083c01553cab071a28da5", size = 6105505, upload-time = "2025-06-09T10:04:17.39Z" },
    { url = "https://files.pythonhosted.org/packages/72/35/8fe69af820667b87ebfcb24214e42a1d53da53cb39edd6b4f84f6b36da86/grpcio-1.73.0-cp313-cp313-musllinux_1_1_i686.whl", hash = "sha256:f5cdc332b503c33b1643b12ea933582c7b081957c8bc2ea4cc4bc58054a09288", size = 6753792, upload-time = "2025-06-09T10:04:19.989Z" },
    { url = "https://files.pythonhosted.org/packages/e2/d8/738c77c1e821e350da4a048849f695ff88a02b291f8c69db23908867aea6/grpcio-1.73.0-cp313-cp313-musllinux_1_1_x86_64.whl", hash = "sha256:07ad7c57233c2109e4ac999cb9c2710c3b8e3f491a73b058b0ce431f31ed8145", size = 6287593, upload-time = "2025-06-09T10:04:22.878Z" },
    { url = "https://files.pythonhosted.org/packages/09/ec/8498eabc018fa39ae8efe5e47e3f4c1bc9ed6281056713871895dc998807/grpcio-1.73.0-cp313-cp313-win32.whl", hash = "sha256:0eb5df4f41ea10bda99a802b2a292d85be28958ede2a50f2beb8c7fc9a738419", size = 3668637, upload-time = "2025-06-09T10:04:25.787Z" },
    { url = "https://files.pythonhosted.org/packages/d7/35/347db7d2e7674b621afd21b12022e7f48c7b0861b5577134b4e939536141/grpcio-1.73.0-cp313-cp313-win_amd64.whl", hash = "sha256:38cf518cc54cd0c47c9539cefa8888549fcc067db0b0c66a46535ca8032020c4", size = 4335872, upload-time = "2025-06-09T10:04:29.032Z" },
]

[[package]]
name = "idna"
version = "3.10"
source = { registry = "https://pypi.org/simple" }
sdist = { url = "https://files.pythonhosted.org/packages/f1/70/7703c29685631f5a7590aa73f1f1d3fa9a380e654b86af429e0934a32f7d/idna-3.10.tar.gz", hash = "sha256:12f65c9b470abda6dc35cf8e63cc574b1c52b11df2c86030af0ac09b01b13ea9", size = 190490, upload-time = "2024-09-15T18:07:39.745Z" }
wheels = [
    { url = "https://files.pythonhosted.org/packages/76/c6/c88e154df9c4e1a2a66ccf0005a88dfb2650c1dffb6f5ce603dfbd452ce3/idna-3.10-py3-none-any.whl", hash = "sha256:946d195a0d259cbba61165e88e65941f16e9b36ea6ddb97f00452bae8b1287d3", size = 70442, upload-time = "2024-09-15T18:07:37.964Z" },
]

[[package]]
name = "importlib-metadata"
version = "8.7.0"
source = { registry = "https://pypi.org/simple" }
dependencies = [
    { name = "zipp" },
]
sdist = { url = "https://files.pythonhosted.org/packages/76/66/650a33bd90f786193e4de4b3ad86ea60b53c89b669a5c7be931fac31cdb0/importlib_metadata-8.7.0.tar.gz", hash = "sha256:d13b81ad223b890aa16c5471f2ac3056cf76c5f10f82d6f9292f0b415f389000", size = 56641, upload-time = "2025-04-27T15:29:01.736Z" }
wheels = [
    { url = "https://files.pythonhosted.org/packages/20/b0/36bd937216ec521246249be3bf9855081de4c5e06a0c9b4219dbeda50373/importlib_metadata-8.7.0-py3-none-any.whl", hash = "sha256:e5dd1551894c77868a30651cef00984d50e1002d06942a7101d34870c5f02afd", size = 27656, upload-time = "2025-04-27T15:29:00.214Z" },
]

[[package]]
name = "opentelemetry-api"
version = "1.34.1"
source = { registry = "https://pypi.org/simple" }
dependencies = [
    { name = "importlib-metadata" },
    { name = "typing-extensions" },
]
sdist = { url = "https://files.pythonhosted.org/packages/4d/5e/94a8cb759e4e409022229418294e098ca7feca00eb3c467bb20cbd329bda/opentelemetry_api-1.34.1.tar.gz", hash = "sha256:64f0bd06d42824843731d05beea88d4d4b6ae59f9fe347ff7dfa2cc14233bbb3", size = 64987, upload-time = "2025-06-10T08:55:19.818Z" }
wheels = [
    { url = "https://files.pythonhosted.org/packages/a5/3a/2ba85557e8dc024c0842ad22c570418dc02c36cbd1ab4b832a93edf071b8/opentelemetry_api-1.34.1-py3-none-any.whl", hash = "sha256:b7df4cb0830d5a6c29ad0c0691dbae874d8daefa934b8b1d642de48323d32a8c", size = 65767, upload-time = "2025-06-10T08:54:56.717Z" },
]

[[package]]
name = "opentelemetry-exporter-otlp"
version = "1.34.1"
source = { registry = "https://pypi.org/simple" }
dependencies = [
    { name = "opentelemetry-exporter-otlp-proto-grpc" },
    { name = "opentelemetry-exporter-otlp-proto-http" },
]
sdist = { url = "https://files.pythonhosted.org/packages/44/ba/786b4de7e39d88043622d901b92c4485835f43e0be76c2824d2687911bc2/opentelemetry_exporter_otlp-1.34.1.tar.gz", hash = "sha256:71c9ad342d665d9e4235898d205db17c5764cd7a69acb8a5dcd6d5e04c4c9988", size = 6173, upload-time = "2025-06-10T08:55:21.595Z" }
wheels = [
    { url = "https://files.pythonhosted.org/packages/00/c1/259b8d8391c968e8f005d8a0ccefcb41aeef64cf55905cd0c0db4e22aaee/opentelemetry_exporter_otlp-1.34.1-py3-none-any.whl", hash = "sha256:f4a453e9cde7f6362fd4a090d8acf7881d1dc585540c7b65cbd63e36644238d4", size = 7040, upload-time = "2025-06-10T08:54:59.655Z" },
]

[[package]]
name = "opentelemetry-exporter-otlp-proto-common"
version = "1.34.1"
source = { registry = "https://pypi.org/simple" }
dependencies = [
    { name = "opentelemetry-proto" },
]
sdist = { url = "https://files.pythonhosted.org/packages/86/f0/ff235936ee40db93360233b62da932d4fd9e8d103cd090c6bcb9afaf5f01/opentelemetry_exporter_otlp_proto_common-1.34.1.tar.gz", hash = "sha256:b59a20a927facd5eac06edaf87a07e49f9e4a13db487b7d8a52b37cb87710f8b", size = 20817, upload-time = "2025-06-10T08:55:22.55Z" }
wheels = [
    { url = "https://files.pythonhosted.org/packages/72/e8/8b292a11cc8d8d87ec0c4089ae21b6a58af49ca2e51fa916435bc922fdc7/opentelemetry_exporter_otlp_proto_common-1.34.1-py3-none-any.whl", hash = "sha256:8e2019284bf24d3deebbb6c59c71e6eef3307cd88eff8c633e061abba33f7e87", size = 18834, upload-time = "2025-06-10T08:55:00.806Z" },
]

[[package]]
name = "opentelemetry-exporter-otlp-proto-grpc"
version = "1.34.1"
source = { registry = "https://pypi.org/simple" }
dependencies = [
    { name = "googleapis-common-protos" },
    { name = "grpcio" },
    { name = "opentelemetry-api" },
    { name = "opentelemetry-exporter-otlp-proto-common" },
    { name = "opentelemetry-proto" },
    { name = "opentelemetry-sdk" },
    { name = "typing-extensions" },
]
sdist = { url = "https://files.pythonhosted.org/packages/41/f7/bb63837a3edb9ca857aaf5760796874e7cecddc88a2571b0992865a48fb6/opentelemetry_exporter_otlp_proto_grpc-1.34.1.tar.gz", hash = "sha256:7c841b90caa3aafcfc4fee58487a6c71743c34c6dc1787089d8b0578bbd794dd", size = 22566, upload-time = "2025-06-10T08:55:23.214Z" }
wheels = [
    { url = "https://files.pythonhosted.org/packages/b4/42/0a4dd47e7ef54edf670c81fc06a83d68ea42727b82126a1df9dd0477695d/opentelemetry_exporter_otlp_proto_grpc-1.34.1-py3-none-any.whl", hash = "sha256:04bb8b732b02295be79f8a86a4ad28fae3d4ddb07307a98c7aa6f331de18cca6", size = 18615, upload-time = "2025-06-10T08:55:02.214Z" },
]

[[package]]
name = "opentelemetry-exporter-otlp-proto-http"
version = "1.34.1"
source = { registry = "https://pypi.org/simple" }
dependencies = [
    { name = "googleapis-common-protos" },
    { name = "opentelemetry-api" },
    { name = "opentelemetry-exporter-otlp-proto-common" },
    { name = "opentelemetry-proto" },
    { name = "opentelemetry-sdk" },
    { name = "requests" },
    { name = "typing-extensions" },
]
sdist = { url = "https://files.pythonhosted.org/packages/19/8f/954bc725961cbe425a749d55c0ba1df46832a5999eae764d1a7349ac1c29/opentelemetry_exporter_otlp_proto_http-1.34.1.tar.gz", hash = "sha256:aaac36fdce46a8191e604dcf632e1f9380c7d5b356b27b3e0edb5610d9be28ad", size = 15351, upload-time = "2025-06-10T08:55:24.657Z" }
wheels = [
    { url = "https://files.pythonhosted.org/packages/79/54/b05251c04e30c1ac70cf4a7c5653c085dfcf2c8b98af71661d6a252adc39/opentelemetry_exporter_otlp_proto_http-1.34.1-py3-none-any.whl", hash = "sha256:5251f00ca85872ce50d871f6d3cc89fe203b94c3c14c964bbdc3883366c705d8", size = 17744, upload-time = "2025-06-10T08:55:03.802Z" },
]

[[package]]
name = "opentelemetry-proto"
version = "1.34.1"
source = { registry = "https://pypi.org/simple" }
dependencies = [
    { name = "protobuf" },
]
sdist = { url = "https://files.pythonhosted.org/packages/66/b3/c3158dd012463bb7c0eb7304a85a6f63baeeb5b4c93a53845cf89f848c7e/opentelemetry_proto-1.34.1.tar.gz", hash = "sha256:16286214e405c211fc774187f3e4bbb1351290b8dfb88e8948af209ce85b719e", size = 34344, upload-time = "2025-06-10T08:55:32.25Z" }
wheels = [
    { url = "https://files.pythonhosted.org/packages/28/ab/4591bfa54e946350ce8b3f28e5c658fe9785e7cd11e9c11b1671a867822b/opentelemetry_proto-1.34.1-py3-none-any.whl", hash = "sha256:eb4bb5ac27f2562df2d6857fc557b3a481b5e298bc04f94cc68041f00cebcbd2", size = 55692, upload-time = "2025-06-10T08:55:14.904Z" },
]

[[package]]
name = "opentelemetry-sdk"
version = "1.34.1"
source = { registry = "https://pypi.org/simple" }
dependencies = [
    { name = "opentelemetry-api" },
    { name = "opentelemetry-semantic-conventions" },
    { name = "typing-extensions" },
]
sdist = { url = "https://files.pythonhosted.org/packages/6f/41/fe20f9036433da8e0fcef568984da4c1d1c771fa072ecd1a4d98779dccdd/opentelemetry_sdk-1.34.1.tar.gz", hash = "sha256:8091db0d763fcd6098d4781bbc80ff0971f94e260739aa6afe6fd379cdf3aa4d", size = 159441, upload-time = "2025-06-10T08:55:33.028Z" }
wheels = [
    { url = "https://files.pythonhosted.org/packages/07/1b/def4fe6aa73f483cabf4c748f4c25070d5f7604dcc8b52e962983491b29e/opentelemetry_sdk-1.34.1-py3-none-any.whl", hash = "sha256:308effad4059562f1d92163c61c8141df649da24ce361827812c40abb2a1e96e", size = 118477, upload-time = "2025-06-10T08:55:16.02Z" },
]

[[package]]
name = "opentelemetry-semantic-conventions"
version = "0.55b1"
source = { registry = "https://pypi.org/simple" }
dependencies = [
    { name = "opentelemetry-api" },
    { name = "typing-extensions" },
]
sdist = { url = "https://files.pythonhosted.org/packages/5d/f0/f33458486da911f47c4aa6db9bda308bb80f3236c111bf848bd870c16b16/opentelemetry_semantic_conventions-0.55b1.tar.gz", hash = "sha256:ef95b1f009159c28d7a7849f5cbc71c4c34c845bb514d66adfdf1b3fff3598b3", size = 119829, upload-time = "2025-06-10T08:55:33.881Z" }
wheels = [
    { url = "https://files.pythonhosted.org/packages/1a/89/267b0af1b1d0ba828f0e60642b6a5116ac1fd917cde7fc02821627029bd1/opentelemetry_semantic_conventions-0.55b1-py3-none-any.whl", hash = "sha256:5da81dfdf7d52e3d37f8fe88d5e771e191de924cfff5f550ab0b8f7b2409baed", size = 196223, upload-time = "2025-06-10T08:55:17.638Z" },
]

[[package]]
name = "protobuf"
version = "5.29.5"
source = { registry = "https://pypi.org/simple" }
sdist = { url = "https://files.pythonhosted.org/packages/43/29/d09e70352e4e88c9c7a198d5645d7277811448d76c23b00345670f7c8a38/protobuf-5.29.5.tar.gz", hash = "sha256:bc1463bafd4b0929216c35f437a8e28731a2b7fe3d98bb77a600efced5a15c84", size = 425226, upload-time = "2025-05-28T23:51:59.82Z" }
wheels = [
    { url = "https://files.pythonhosted.org/packages/5f/11/6e40e9fc5bba02988a214c07cf324595789ca7820160bfd1f8be96e48539/protobuf-5.29.5-cp310-abi3-win32.whl", hash = "sha256:3f1c6468a2cfd102ff4703976138844f78ebd1fb45f49011afc5139e9e283079", size = 422963, upload-time = "2025-05-28T23:51:41.204Z" },
    { url = "https://files.pythonhosted.org/packages/81/7f/73cefb093e1a2a7c3ffd839e6f9fcafb7a427d300c7f8aef9c64405d8ac6/protobuf-5.29.5-cp310-abi3-win_amd64.whl", hash = "sha256:3f76e3a3675b4a4d867b52e4a5f5b78a2ef9565549d4037e06cf7b0942b1d3fc", size = 434818, upload-time = "2025-05-28T23:51:44.297Z" },
    { url = "https://files.pythonhosted.org/packages/dd/73/10e1661c21f139f2c6ad9b23040ff36fee624310dc28fba20d33fdae124c/protobuf-5.29.5-cp38-abi3-macosx_10_9_universal2.whl", hash = "sha256:e38c5add5a311f2a6eb0340716ef9b039c1dfa428b28f25a7838ac329204a671", size = 418091, upload-time = "2025-05-28T23:51:45.907Z" },
    { url = "https://files.pythonhosted.org/packages/6c/04/98f6f8cf5b07ab1294c13f34b4e69b3722bb609c5b701d6c169828f9f8aa/protobuf-5.29.5-cp38-abi3-manylinux2014_aarch64.whl", hash = "sha256:fa18533a299d7ab6c55a238bf8629311439995f2e7eca5caaff08663606e9015", size = 319824, upload-time = "2025-05-28T23:51:47.545Z" },
    { url = "https://files.pythonhosted.org/packages/85/e4/07c80521879c2d15f321465ac24c70efe2381378c00bf5e56a0f4fbac8cd/protobuf-5.29.5-cp38-abi3-manylinux2014_x86_64.whl", hash = "sha256:63848923da3325e1bf7e9003d680ce6e14b07e55d0473253a690c3a8b8fd6e61", size = 319942, upload-time = "2025-05-28T23:51:49.11Z" },
    { url = "https://files.pythonhosted.org/packages/7e/cc/7e77861000a0691aeea8f4566e5d3aa716f2b1dece4a24439437e41d3d25/protobuf-5.29.5-py3-none-any.whl", hash = "sha256:6cf42630262c59b2d8de33954443d94b746c952b01434fc58a417fdbd2e84bd5", size = 172823, upload-time = "2025-05-28T23:51:58.157Z" },
]

[[package]]
name = "requests"
version = "2.32.4"
source = { registry = "https://pypi.org/simple" }
dependencies = [
    { name = "certifi" },
    { name = "charset-normalizer" },
    { name = "idna" },
    { name = "urllib3" },
]
sdist = { url = "https://files.pythonhosted.org/packages/e1/0a/929373653770d8a0d7ea76c37de6e41f11eb07559b103b1c02cafb3f7cf8/requests-2.32.4.tar.gz", hash = "sha256:27d0316682c8a29834d3264820024b62a36942083d52caf2f14c0591336d3422", size = 135258, upload-time = "2025-06-09T16:43:07.34Z" }
wheels = [
    { url = "https://files.pythonhosted.org/packages/7c/e4/56027c4a6b4ae70ca9de302488c5ca95ad4a39e190093d6c1a8ace08341b/requests-2.32.4-py3-none-any.whl", hash = "sha256:27babd3cda2a6d50b30443204ee89830707d396671944c998b5975b031ac2b2c", size = 64847, upload-time = "2025-06-09T16:43:05.728Z" },
]

[[package]]
name = "typing-extensions"
version = "4.14.0"
source = { registry = "https://pypi.org/simple" }
sdist = { url = "https://files.pythonhosted.org/packages/d1/bc/51647cd02527e87d05cb083ccc402f93e441606ff1f01739a62c8ad09ba5/typing_extensions-4.14.0.tar.gz", hash = "sha256:8676b788e32f02ab42d9e7c61324048ae4c6d844a399eebace3d4979d75ceef4", size = 107423, upload-time = "2025-06-02T14:52:11.399Z" }
wheels = [
    { url = "https://files.pythonhosted.org/packages/69/e0/552843e0d356fbb5256d21449fa957fa4eff3bbc135a74a691ee70c7c5da/typing_extensions-4.14.0-py3-none-any.whl", hash = "sha256:a1514509136dd0b477638fc68d6a91497af5076466ad0fa6c338e44e359944af", size = 43839, upload-time = "2025-06-02T14:52:10.026Z" },
]

[[package]]
name = "urllib3"
version = "2.5.0"
source = { registry = "https://pypi.org/simple" }
sdist = { url = "https://files.pythonhosted.org/packages/15/22/9ee70a2574a4f4599c47dd506532914ce044817c7752a79b6a51286319bc/urllib3-2.5.0.tar.gz", hash = "sha256:3fc47733c7e419d4bc3f6b3dc2b4f890bb743906a30d56ba4a5bfa4bbff92760", size = 393185, upload-time = "2025-06-18T14:07:41.644Z" }
wheels = [
    { url = "https://files.pythonhosted.org/packages/a7/c2/fe1e52489ae3122415c51f387e221dd0773709bad6c6cdaa599e8a2c5185/urllib3-2.5.0-py3-none-any.whl", hash = "sha256:e6b01673c0fa6a13e374b50871808eb3bf7046c4b125b216f6bf1cc604cff0dc", size = 129795, upload-time = "2025-06-18T14:07:40.39Z" },
]

[[package]]
name = "zipp"
version = "3.23.0"
source = { registry = "https://pypi.org/simple" }
sdist = { url = "https://files.pythonhosted.org/packages/e3/02/0f2892c661036d50ede074e376733dca2ae7c6eb617489437771209d4180/zipp-3.23.0.tar.gz", hash = "sha256:a07157588a12518c9d4034df3fbbee09c814741a33ff63c05fa29d26a2404166", size = 25547, upload-time = "2025-06-08T17:06:39.4Z" }
wheels = [
    { url = "https://files.pythonhosted.org/packages/2e/54/647ade08bf0db230bfea292f893923872fd20be6ac6f53b2b936ba839d75/zipp-3.23.0-py3-none-any.whl", hash = "sha256:071652d6115ed432f5ce1d34c336c0adfd6a884660d1e9712a256d3d3bd4b14e", size = 10276, upload-time = "2025-06-08T17:06:38.034Z" },
]
